
Microsoft Visual Studio Solution File, Format Version 12.00
Project("{FAE04EC0-301F-11D3-BF4B-00C04F79EFBC}") = "AddMaster", "AddMaster.csproj", "{219E15B0-9B4F-4391-9AC8-98E80A2A0DD6}"
EndProject
Global
	GlobalSection(SolutionConfigurationPlatforms) = preSolution
		Debug|Any CPU = Debug|Any CPU
		Release|Any CPU = Release|Any CPU
	EndGlobalSection
	GlobalSection(ProjectConfigurationPlatforms) = postSolution
		{219E15B0-9B4F-4391-9AC8-98E80A2A0DD6}.Debug|Any CPU.ActiveCfg = Debug|Any CPU
		{219E15B0-9B4F-4391-9AC8-98E80A2A0DD6}.Debug|Any CPU.Build.0 = Debug|Any CPU
		{219E15B0-9B4F-4391-9AC8-98E80A2A0DD6}.Release|Any CPU.ActiveCfg = Release|Any CPU
		{219E15B0-9B4F-4391-9AC8-98E80A2A0DD6}.Release|Any CPU.Build.0 = Release|Any CPU
	EndGlobalSection
EndGlobal
